// !$*UTF8*$!
{
	archiveVersion = 1;
	classes = {
	};
	objectVersion = 46;
	objects = {

/* Begin PBXBuildFile section */
		136322911EE7D78300F76302 /* AppDelegate.swift in Sources */ = {isa = PBXBuildFile; fileRef = 136322901EE7D78300F76302 /* AppDelegate.swift */; };
		136322961EE7D78300F76302 /* Main.storyboard in Resources */ = {isa = PBXBuildFile; fileRef = 136322941EE7D78300F76302 /* Main.storyboard */; };
		136322981EE7D78300F76302 /* Assets.xcassets in Resources */ = {isa = PBXBuildFile; fileRef = 136322971EE7D78300F76302 /* Assets.xcassets */; };
		1363229B1EE7D78300F76302 /* LaunchScreen.storyboard in Resources */ = {isa = PBXBuildFile; fileRef = 136322991EE7D78300F76302 /* LaunchScreen.storyboard */; };
		136322A31EE7D89600F76302 /* ActivityTableViewController.swift in Sources */ = {isa = PBXBuildFile; fileRef = 136322A21EE7D89600F76302 /* ActivityTableViewController.swift */; };
		136322A51EE7D8E800F76302 /* Activity.swift in Sources */ = {isa = PBXBuildFile; fileRef = 136322A41EE7D8E800F76302 /* Activity.swift */; };
		136322A71EE7E05100F76302 /* ActivityDetailViewController.swift in Sources */ = {isa = PBXBuildFile; fileRef = 136322A61EE7E05100F76302 /* ActivityDetailViewController.swift */; };
		136322A91EE7ED1000F76302 /* AddActivityViewController.swift in Sources */ = {isa = PBXBuildFile; fileRef = 136322A81EE7ED1000F76302 /* AddActivityViewController.swift */; };
/* End PBXBuildFile section */

/* Begin PBXFileReference section */
		1363228D1EE7D78300F76302 /* delegatePractice.app */ = {isa = PBXFileReference; explicitFileType = wrapper.application; includeInIndex = 0; path = delegatePractice.app; sourceTree = BUILT_PRODUCTS_DIR; };
		136322901EE7D78300F76302 /* AppDelegate.swift */ = {isa = PBXFileReference; lastKnownFileType = sourcecode.swift; path = AppDelegate.swift; sourceTree = "<group>"; };
		136322951EE7D78300F76302 /* Base */ = {isa = PBXFileReference; lastKnownFileType = file.storyboard; name = Base; path = Base.lproj/Main.storyboard; sourceTree = "<group>"; };
		136322971EE7D78300F76302 /* Assets.xcassets */ = {isa = PBXFileReference; lastKnownFileType = folder.assetcatalog; path = Assets.xcassets; sourceTree = "<group>"; };
		1363229A1EE7D78300F76302 /* Base */ = {isa = PBXFileReference; lastKnownFileType = file.storyboard; name = Base; path = Base.lproj/LaunchScreen.storyboard; sourceTree = "<group>"; };
		1363229C1EE7D78300F76302 /* Info.plist */ = {isa = PBXFileReference; lastKnownFileType = text.plist.xml; path = Info.plist; sourceTree = "<group>"; };
		136322A21EE7D89600F76302 /* ActivityTableViewController.swift */ = {isa = PBXFileReference; fileEncoding = 4; lastKnownFileType = sourcecode.swift; name = ActivityTableViewController.swift; path = ../ActivityTableViewController.swift; sourceTree = "<group>"; };
		136322A41EE7D8E800F76302 /* Activity.swift */ = {isa = PBXFileReference; fileEncoding = 4; lastKnownFileType = sourcecode.swift; path = Activity.swift; sourceTree = "<group>"; };
		136322A61EE7E05100F76302 /* ActivityDetailViewController.swift */ = {isa = PBXFileReference; fileEncoding = 4; lastKnownFileType = sourcecode.swift; path = ActivityDetailViewController.swift; sourceTree = "<group>"; };
		136322A81EE7ED1000F76302 /* AddActivityViewController.swift */ = {isa = PBXFileReference; fileEncoding = 4; lastKnownFileType = sourcecode.swift; path = AddActivityViewController.swift; sourceTree = "<group>"; };
/* End PBXFileReference section */

/* Begin PBXFrameworksBuildPhase section */
		1363228A1EE7D78300F76302 /* Frameworks */ = {
			isa = PBXFrameworksBuildPhase;
			buildActionMask = 2147483647;
			files = (
			);
			runOnlyForDeploymentPostprocessing = 0;
		};
/* End PBXFrameworksBuildPhase section */

/* Begin PBXGroup section */
		136322841EE7D78300F76302 = {
			isa = PBXGroup;
			children = (
				1363228F1EE7D78300F76302 /* delegatePractice */,
				1363228E1EE7D78300F76302 /* Products */,
			);
			sourceTree = "<group>";
		};
		1363228E1EE7D78300F76302 /* Products */ = {
			isa = PBXGroup;
			children = (
				1363228D1EE7D78300F76302 /* delegatePractice.app */,
			);
			name = Products;
			sourceTree = "<group>";
		};
		1363228F1EE7D78300F76302 /* delegatePractice */ = {
			isa = PBXGroup;
			children = (
				136322A21EE7D89600F76302 /* ActivityTableViewController.swift */,
				136322901EE7D78300F76302 /* AppDelegate.swift */,
				136322941EE7D78300F76302 /* Main.storyboard */,
				136322A81EE7ED1000F76302 /* AddActivityViewController.swift */,
				136322A61EE7E05100F76302 /* ActivityDetailViewController.swift */,
				136322A41EE7D8E800F76302 /* Activity.swift */,
				136322971EE7D78300F76302 /* Assets.xcassets */,
				136322991EE7D78300F76302 /* LaunchScreen.storyboard */,
				1363229C1EE7D78300F76302 /* Info.plist */,
			);
			path = delegatePractice;
			sourceTree = "<group>";
		};
/* End PBXGroup section */

/* Begin PBXNativeTarget section */
		1363228C1EE7D78300F76302 /* delegatePractice */ = {
			isa = PBXNativeTarget;
			buildConfigurationList = 1363229F1EE7D78300F76302 /* Build configuration list for PBXNativeTarget "delegatePractice" */;
			buildPhases = (
				136322891EE7D78300F76302 /* Sources */,
				1363228A1EE7D78300F76302 /* Frameworks */,
				1363228B1EE7D78300F76302 /* Resources */,
			);
			buildRules = (
			);
			dependencies = (
			);
			name = delegatePractice;
			productName = delegatePractice;
			productReference = 1363228D1EE7D78300F76302 /* delegatePractice.app */;
			productType = "com.apple.product-type.application";
		};
/* End PBXNativeTarget section */

/* Begin PBXProject section */
		136322851EE7D78300F76302 /* Project object */ = {
			isa = PBXProject;
			attributes = {
				LastSwiftUpdateCheck = 0820;
				LastUpgradeCheck = 0820;
				ORGANIZATIONNAME = "Tomas Lahm";
				TargetAttributes = {
					1363228C1EE7D78300F76302 = {
						CreatedOnToolsVersion = 8.2.1;
						ProvisioningStyle = Automatic;
					};
				};
			};
			buildConfigurationList = 136322881EE7D78300F76302 /* Build configuration list for PBXProject "delegatePractice" */;
			compatibilityVersion = "Xcode 3.2";
			developmentRegion = English;
			hasScannedForEncodings = 0;
			knownRegions = (
				en,
				Base,
			);
			mainGroup = 136322841EE7D78300F76302;
			productRefGroup = 1363228E1EE7D78300F76302 /* Products */;
			projectDirPath = "";
			projectRoot = "";
			targets = (
				1363228C1EE7D78300F76302 /* delegatePractice */,
			);
		};
/* End PBXProject section */

/* Begin PBXResourcesBuildPhase section */
		1363228B1EE7D78300F76302 /* Resources */ = {
			isa = PBXResourcesBuildPhase;
			buildActionMask = 2147483647;
			files = (
				1363229B1EE7D78300F76302 /* LaunchScreen.storyboard in Resources */,
				136322981EE7D78300F76302 /* Assets.xcassets in Resources */,
				136322961EE7D78300F76302 /* Main.storyboard in Resources */,
			);
			runOnlyForDeploymentPostprocessing = 0;
		};
/* End PBXResourcesBuildPhase section */

/* Begin PBXSourcesBuildPhase section */
		136322891EE7D78300F76302 /* Sources */ = {
			isa = PBXSourcesBuildPhase;
			buildActionMask = 2147483647;
			files = (
				136322A71EE7E05100F76302 /* ActivityDetailViewController.swift in Sources */,
				136322A51EE7D8E800F76302 /* Activity.swift in Sources */,
				136322A31EE7D89600F76302 /* ActivityTableViewController.swift in Sources */,
				136322A91EE7ED1000F76302 /* AddActivityViewController.swift in Sources */,
				136322911EE7D78300F76302 /* AppDelegate.swift in Sources */,
			);
			runOnlyForDeploymentPostprocessing = 0;
		};
/* End PBXSourcesBuildPhase section */

/* Begin PBXVariantGroup section */
		136322941EE7D78300F76302 /* Main.storyboard */ = {
			isa = PBXVariantGroup;
			children = (
				136322951EE7D78300F76302 /* Base */,
			);
			name = Main.storyboard;
			sourceTree = "<group>";
		};
		136322991EE7D78300F76302 /* LaunchScreen.storyboard */ = {
			isa = PBXVariantGroup;
			children = (
				1363229A1EE7D78300F76302 /* Base */,
			);
			name = LaunchScreen.storyboard;
			sourceTree = "<group>";
		};
/* End PBXVariantGroup section */

/* Begin XCBuildConfiguration section */
		1363229D1EE7D78300F76302 /* Debug */ = {
			isa = XCBuildConfiguration;
			buildSettings = {
				ALWAYS_SEARCH_USER_PATHS = NO;
				CLANG_ANALYZER_NONNULL = YES;
				CLANG_CXX_LANGUAGE_STANDARD = "gnu++0x";
				CLANG_CXX_LIBRARY = "libc++";
				CLANG_ENABLE_MODULES = YES;
				CLANG_ENABLE_OBJC_ARC = YES;
				CLANG_WARN_BOOL_CONVERSION = YES;
				CLANG_WARN_CONSTANT_CONVERSION = YES;
				CLANG_WARN_DIRECT_OBJC_ISA_USAGE = YES_ERROR;
				CLANG_WARN_DOCUMENTATION_COMMENTS = YES;
				CLANG_WARN_EMPTY_BODY = YES;
				CLANG_WARN_ENUM_CONVERSION = YES;
				CLANG_WARN_INFINITE_RECURSION = YES;
				CLANG_WARN_INT_CONVERSION = YES;
				CLANG_WARN_OBJC_ROOT_CLASS = YES_ERROR;
				CLANG_WARN_SUSPICIOUS_MOVE = YES;
				CLANG_WARN_UNREACHABLE_CODE = YES;
				CLANG_WARN__DUPLICATE_METHOD_MATCH = YES;
				"CODE_SIGN_IDENTITY[sdk=iphoneos*]" = "iPhone Developer";
				COPY_PHASE_STRIP = NO;
				DEBUG_INFORMATION_FORMAT = dwarf;
				ENABLE_STRICT_OBJC_MSGSEND = YES;
				ENABLE_TESTABILITY = YES;
				GCC_C_LANGUAGE_STANDARD = gnu99;
				GCC_DYNAMIC_NO_PIC = NO;
				GCC_NO_COMMON_BLOCKS = YES;
				GCC_OPTIMIZATION_LEVEL = 0;
				GCC_PREPROCESSOR_DEFINITIONS = (
					"DEBUG=1",
					"$(inherited)",
				);
				GCC_WARN_64_TO_32_BIT_CONVERSION = YES;
				GCC_WARN_ABOUT_RETURN_TYPE = YES_ERROR;
				GCC_WARN_UNDECLARED_SELECTOR = YES;
				GCC_WARN_UNINITIALIZED_AUTOS = YES_AGGRESSIVE;
				GCC_WARN_UNUSED_FUNCTION = YES;
				GCC_WARN_UNUSED_VARIABLE = YES;
				IPHONEOS_DEPLOYMENT_TARGET = 10.2;
				MTL_ENABLE_DEBUG_INFO = YES;
				ONLY_ACTIVE_ARCH = YES;
				SDKROOT = iphoneos;
				SWIFT_ACTIVE_COMPILATION_CONDITIONS = DEBUG;
				SWIFT_OPTIMIZATION_LEVEL = "-Onone";
				TARGETED_DEVICE_FAMILY = "1,2";
			};
			name = Debug;
		};
		1363229E1EE7D78300F76302 /* Release */ = {
			isa = XCBuildConfiguration;
			buildSettings = {
				ALWAYS_SEARCH_USER_PATHS = NO;
				CLANG_ANALYZER_NONNULL = YES;
				CLANG_CXX_LANGUAGE_STANDARD = "gnu++0x";
				CLANG_CXX_LIBRARY = "libc++";
				CLANG_ENABLE_MODULES = YES;
				CLANG_ENABLE_OBJC_ARC = YES;
				CLANG_WARN_BOOL_CONVERSION = YES;
				CLANG_WARN_CONSTANT_CONVERSION = YES;
				CLANG_WARN_DIRECT_OBJC_ISA_USAGE = YES_ERROR;
				CLANG_WARN_DOCUMENTATION_COMMENTS = YES;
				CLANG_WARN_EMPTY_BODY = YES;
				CLANG_WARN_ENUM_CONVERSION = YES;
				CLANG_WARN_INFINITE_RECURSION = YES;
				CLANG_WARN_INT_CONVERSION = YES;
				CLANG_WARN_OBJC_ROOT_CLASS = YES_ERROR;
				CLANG_WARN_SUSPICIOUS_MOVE = YES;
				CLANG_WARN_UNREACHABLE_CODE = YES;
				CLANG_WARN__DUPLICATE_METHOD_MATCH = YES;
				"CODE_SIGN_IDENTITY[sdk=iphoneos*]" = "iPhone Developer";
				COPY_PHASE_STRIP = NO;
				DEBUG_INFORMATION_FORMAT = "dwarf-with-dsym";
				ENABLE_NS_ASSERTIONS = NO;
				ENABLE_STRICT_OBJC_MSGSEND = YES;
				GCC_C_LANGUAGE_STANDARD = gnu99;
				GCC_NO_COMMON_BLOCKS = YES;
				GCC_WARN_64_TO_32_BIT_CONVERSION = YES;
				GCC_WARN_ABOUT_RETURN_TYPE = YES_ERROR;
				GCC_WARN_UNDECLARED_SELECTOR = YES;
				GCC_WARN_UNINITIALIZED_AUTOS = YES_AGGRESSIVE;
				GCC_WARN_UNUSED_FUNCTION = YES;
				GCC_WARN_UNUSED_VARIABLE = YES;
				IPHONEOS_DEPLOYMENT_TARGET = 10.2;
				MTL_ENABLE_DEBUG_INFO = NO;
				SDKROOT = iphoneos;
				SWIFT_OPTIMIZATION_LEVEL = "-Owholemodule";
				TARGETED_DEVICE_FAMILY = "1,2";
				VALIDATE_PRODUCT = YES;
			};
			name = Release;
		};
		136322A01EE7D78300F76302 /* Debug */ = {
			isa = XCBuildConfiguration;
			buildSettings = {
				ASSETCATALOG_COMPILER_APPICON_NAME = AppIcon;
				INFOPLIST_FILE = delegatePractice/Info.plist;
				LD_RUNPATH_SEARCH_PATHS = "$(inherited) @executable_path/Frameworks";
				PRODUCT_BUNDLE_IDENTIFIER = com.TomasLahm.delegatePractice;
				PRODUCT_NAME = "$(TARGET_NAME)";
				SWIFT_VERSION = 3.0;
			};
			name = Debug;
		};
		136322A11EE7D78300F76302 /* Release */ = {
			isa = XCBuildConfiguration;
			buildSettings = {
				ASSETCATALOG_COMPILER_APPICON_NAME = AppIcon;
				INFOPLIST_FILE = delegatePractice/Info.plist;
				LD_RUNPATH_SEARCH_PATHS = "$(inherited) @executable_path/Frameworks";
				PRODUCT_BUNDLE_IDENTIFIER = com.TomasLahm.delegatePractice;
				PRODUCT_NAME = "$(TARGET_NAME)";
				SWIFT_VERSION = 3.0;
			};
			name = Release;
		};
/* End XCBuildConfiguration section */

/* Begin XCConfigurationList section */
		136322881EE7D78300F76302 /* Build configuration list for PBXProject "delegatePractice" */ = {
			isa = XCConfigurationList;
			buildConfigurations = (
				1363229D1EE7D78300F76302 /* Debug */,
				1363229E1EE7D78300F76302 /* Release */,
			);
			defaultConfigurationIsVisible = 0;
			defaultConfigurationName = Release;
		};
		1363229F1EE7D78300F76302 /* Build configuration list for PBXNativeTarget "delegatePractice" */ = {
			isa = XCConfigurationList;
			buildConfigurations = (
				136322A01EE7D78300F76302 /* Debug */,
				136322A11EE7D78300F76302 /* Release */,
			);
			defaultConfigurationIsVisible = 0;
		};
/* End XCConfigurationList section */
	};
	rootObject = 136322851EE7D78300F76302 /* Project object */;
}
